<?xml version="1.0" encoding="utf-8"?>
<Project ToolsVersion="4.0" xmlns:atg="http://atg.xbox.com" xmlns="http://schemas.microsoft.com/developer/msbuild/2003">
  <ItemGroup>
    <Filter Include="Assets">
      <UniqueIdentifier>{ed0b04a6-fecd-4a2c-a462-59a8f4639f36}</UniqueIdentifier>
    </Filter>
    <Filter Include="Resource Files">
      <UniqueIdentifier>{8e114980-c1a3-4ada-ad7c-83caadf5daeb}</UniqueIdentifier>
      <Extensions>rc;ico;cur;bmp;dlg;rc2;rct;bin;rgs;gif;jpg;jpeg;jpe</Extensions>
    </Filter>
    <Filter Include="Assets\modelData">
      <UniqueIdentifier>{06086914-6aa4-4cad-9b07-6f9d357f04df}</UniqueIdentifier>
    </Filter>
    <Filter Include="Assets\sprite">
      <UniqueIdentifier>{a6ce300a-b532-440d-b914-b4661d3015ad}</UniqueIdentifier>
    </Filter>
  </ItemGroup>
  <ItemGroup>
    <ClCompile Include="main.cpp" />
    <ClCompile Include="stdafx.cpp" />
    <ClCompile Include="Game.cpp" />
    <ClCompile Include="Player.cpp" />
    <ClCompile Include="GameCamera.cpp" />
    <ClCompile Include="Enemy.cpp" />
    <ClCompile Include="EnemyMissile.cpp" />
    <ClCompile Include="MissileBase.cpp" />
    <ClCompile Include="Title.cpp" />
    <ClCompile Include="HPbar.cpp" />
    <ClCompile Include="PlayerMissile.cpp" />
    <ClCompile Include="GameStage.cpp" />
    <ClCompile Include="MissileGauge.cpp" />
  </ItemGroup>
  <ItemGroup>
    <CLInclude Include="resource.h">
      <Filter>Resource Files</Filter>
    </CLInclude>
    <ClInclude Include="stdafx.h" />
    <ClInclude Include="Game.h" />
    <ClInclude Include="Player.h" />
    <ClInclude Include="GameCamera.h" />
    <ClInclude Include="Enemy.h" />
    <ClInclude Include="EnemyMissile.h" />
    <ClInclude Include="MissileBase.h" />
    <ClInclude Include="Title.h" />
    <ClInclude Include="HPbar.h" />
    <ClInclude Include="PlayerMissile.h" />
    <ClInclude Include="GameStage.h" />
    <ClInclude Include="MissileGauge.h" />
  </ItemGroup>
  <ItemGroup>
    <ResourceCompile Include="Game.rc">
      <Filter>Resource Files</Filter>
    </ResourceCompile>
  </ItemGroup>
  <ItemGroup>
    <MeshContentTask Include="Assets\modelData\unityChan.fbx">
      <Filter>Assets\modelData</Filter>
    </MeshContentTask>
    <MeshContentTask Include="Assets\modelData\StarSparrow.FBX" />
    <MeshContentTask Include="Assets\modelData\TestStage.FBX" />
    <MeshContentTask Include="Assets\modelData\Enemy.FBX" />
    <MeshContentTask Include="Assets\modelData\MiniMissile.FBX" />
    <MeshContentTask Include="Assets\modelData\NormalMissile.FBX" />
    <MeshContentTask Include="Assets\modelData\island.FBX" />
    <MeshContentTask Include="Assets\modelData\island_long.FBX" />
    <MeshContentTask Include="Assets\modelData\island_mount.FBX" />
    <MeshContentTask Include="Assets\modelData\ocean.FBX" />
  </ItemGroup>
  <ItemGroup>
    <ImageContentTask Include="Assets\sprite\dummy.png">
      <Filter>Assets\sprite</Filter>
    </ImageContentTask>
    <ImageContentTask Include="Assets\sprite\TestTitle2.png" />
    <ImageContentTask Include="Assets\sprite\TestTitle.png" />
    <ImageContentTask Include="Assets\sprite\Ui_BackGround.png" />
    <ImageContentTask Include="Assets\sprite\ui_HpBar.png" />
    <ImageContentTask Include="Assets\sprite\ui_PressA.png" />
    <ImageContentTask Include="Assets\sprite\Ui_MissileBack.png" />
    <ImageContentTask Include="Assets\sprite\Ui_MissileBark.png" />
    <ImageContentTask Include="Assets\modelData\spec.png" />
    <ImageContentTask Include="Assets\modelData\StarSparrow_Normal.png" />
    <ImageContentTask Include="Assets\sprite\t_Title.png" />
  </ItemGroup>
  <ItemGroup>
    <CustomBuild Include="Assets\sound\t_select.wav" />
  </ItemGroup>
</Project>